
Microsoft Visual Studio Solution File, Format Version 12.00
# Visual Studio 15
VisualStudioVersion = 15.0.27004.2010
MinimumVisualStudioVersion = 10.0.40219.1
Project("{FAE04EC0-301F-11D3-BF4B-00C04F79EFBC}") = "EasyTourYuriHugo.Android", "EasyTourYuriHugo\EasyTourYuriHugo.Android\EasyTourYuriHugo.Android.csproj", "{944417BD-B856-43BF-A69D-4EF3BB13D6DF}"
EndProject
Project("{FAE04EC0-301F-11D3-BF4B-00C04F79EFBC}") = "EasyTourYuriHugo", "EasyTourYuriHugo\EasyTourYuriHugo\EasyTourYuriHugo.csproj", "{C2E17F55-A6DB-4CB7-AB55-A4758E197761}"
EndProject
Project("{FAE04EC0-301F-11D3-BF4B-00C04F79EFBC}") = "EasyTourYuriHugo.UWP", "EasyTourYuriHugo\EasyTourYuriHugo.UWP\EasyTourYuriHugo.UWP.csproj", "{77D77350-C510-4848-B001-4337960EC652}"
EndProject
Project("{FAE04EC0-301F-11D3-BF4B-00C04F79EFBC}") = "EasyTourYuriHugo.iOS", "EasyTourYuriHugo\EasyTourYuriHugo.iOS\EasyTourYuriHugo.iOS.csproj", "{0895A5DC-4B61-433B-BE63-8910900A59A2}"
EndProject
Global
	GlobalSection(SolutionConfigurationPlatforms) = preSolution
		Ad-Hoc|Any CPU = Ad-Hoc|Any CPU
		Ad-Hoc|ARM = Ad-Hoc|ARM
		Ad-Hoc|iPhone = Ad-Hoc|iPhone
		Ad-Hoc|iPhoneSimulator = Ad-Hoc|iPhoneSimulator
		Ad-Hoc|x64 = Ad-Hoc|x64
		Ad-Hoc|x86 = Ad-Hoc|x86
		AppStore|Any CPU = AppStore|Any CPU
		AppStore|ARM = AppStore|ARM
		AppStore|iPhone = AppStore|iPhone
		AppStore|iPhoneSimulator = AppStore|iPhoneSimulator
		AppStore|x64 = AppStore|x64
		AppStore|x86 = AppStore|x86
		Debug|Any CPU = Debug|Any CPU
		Debug|ARM = Debug|ARM
		Debug|iPhone = Debug|iPhone
		Debug|iPhoneSimulator = Debug|iPhoneSimulator
		Debug|x64 = Debug|x64
		Debug|x86 = Debug|x86
		Release|Any CPU = Release|Any CPU
		Release|ARM = Release|ARM
		Release|iPhone = Release|iPhone
		Release|iPhoneSimulator = Release|iPhoneSimulator
		Release|x64 = Release|x64
		Release|x86 = Release|x86
	EndGlobalSection
	GlobalSection(ProjectConfigurationPlatforms) = postSolution
		{944417BD-B856-43BF-A69D-4EF3BB13D6DF}.Ad-Hoc|Any CPU.ActiveCfg = Release|Any CPU
		{944417BD-B856-43BF-A69D-4EF3BB13D6DF}.Ad-Hoc|Any CPU.Build.0 = Release|Any CPU
		{944417BD-B856-43BF-A69D-4EF3BB13D6DF}.Ad-Hoc|Any CPU.Deploy.0 = Release|Any CPU
		{944417BD-B856-43BF-A69D-4EF3BB13D6DF}.Ad-Hoc|ARM.ActiveCfg = Release|Any CPU
		{944417BD-B856-43BF-A69D-4EF3BB13D6DF}.Ad-Hoc|ARM.Build.0 = Release|Any CPU
		{944417BD-B856-43BF-A69D-4EF3BB13D6DF}.Ad-Hoc|ARM.Deploy.0 = Release|Any CPU
		{944417BD-B856-43BF-A69D-4EF3BB13D6DF}.Ad-Hoc|iPhone.ActiveCfg = Release|Any CPU
		{944417BD-B856-43BF-A69D-4EF3BB13D6DF}.Ad-Hoc|iPhone.Build.0 = Release|Any CPU
		{944417BD-B856-43BF-A69D-4EF3BB13D6DF}.Ad-Hoc|iPhone.Deploy.0 = Release|Any CPU
		{944417BD-B856-43BF-A69D-4EF3BB13D6DF}.Ad-Hoc|iPhoneSimulator.ActiveCfg = Release|Any CPU
		{944417BD-B856-43BF-A69D-4EF3BB13D6DF}.Ad-Hoc|iPhoneSimulator.Build.0 = Release|Any CPU
		{944417BD-B856-43BF-A69D-4EF3BB13D6DF}.Ad-Hoc|iPhoneSimulator.Deploy.0 = Release|Any CPU
		{944417BD-B856-43BF-A69D-4EF3BB13D6DF}.Ad-Hoc|x64.ActiveCfg = Release|Any CPU
		{944417BD-B856-43BF-A69D-4EF3BB13D6DF}.Ad-Hoc|x64.Build.0 = Release|Any CPU
		{944417BD-B856-43BF-A69D-4EF3BB13D6DF}.Ad-Hoc|x64.Deploy.0 = Release|Any CPU
		{944417BD-B856-43BF-A69D-4EF3BB13D6DF}.Ad-Hoc|x86.ActiveCfg = Release|Any CPU
		{944417BD-B856-43BF-A69D-4EF3BB13D6DF}.Ad-Hoc|x86.Build.0 = Release|Any CPU
		{944417BD-B856-43BF-A69D-4EF3BB13D6DF}.Ad-Hoc|x86.Deploy.0 = Release|Any CPU
		{944417BD-B856-43BF-A69D-4EF3BB13D6DF}.AppStore|Any CPU.ActiveCfg = Release|Any CPU
		{944417BD-B856-43BF-A69D-4EF3BB13D6DF}.AppStore|Any CPU.Build.0 = Release|Any CPU
		{944417BD-B856-43BF-A69D-4EF3BB13D6DF}.AppStore|Any CPU.Deploy.0 = Release|Any CPU
		{944417BD-B856-43BF-A69D-4EF3BB13D6DF}.AppStore|ARM.ActiveCfg = Release|Any CPU
		{944417BD-B856-43BF-A69D-4EF3BB13D6DF}.AppStore|ARM.Build.0 = Release|Any CPU
		{944417BD-B856-43BF-A69D-4EF3BB13D6DF}.AppStore|ARM.Deploy.0 = Release|Any CPU
		{944417BD-B856-43BF-A69D-4EF3BB13D6DF}.AppStore|iPhone.ActiveCfg = Release|Any CPU
		{944417BD-B856-43BF-A69D-4EF3BB13D6DF}.AppStore|iPhone.Build.0 = Release|Any CPU
		{944417BD-B856-43BF-A69D-4EF3BB13D6DF}.AppStore|iPhone.Deploy.0 = Release|Any CPU
		{944417BD-B856-43BF-A69D-4EF3BB13D6DF}.AppStore|iPhoneSimulator.ActiveCfg = Release|Any CPU
		{944417BD-B856-43BF-A69D-4EF3BB13D6DF}.AppStore|iPhoneSimulator.Build.0 = Release|Any CPU
		{944417BD-B856-43BF-A69D-4EF3BB13D6DF}.AppStore|iPhoneSimulator.Deploy.0 = Release|Any CPU
		{944417BD-B856-43BF-A69D-4EF3BB13D6DF}.AppStore|x64.ActiveCfg = Release|Any CPU
		{944417BD-B856-43BF-A69D-4EF3BB13D6DF}.AppStore|x64.Build.0 = Release|Any CPU
		{944417BD-B856-43BF-A69D-4EF3BB13D6DF}.AppStore|x64.Deploy.0 = Release|Any CPU
		{944417BD-B856-43BF-A69D-4EF3BB13D6DF}.AppStore|x86.ActiveCfg = Release|Any CPU
		{944417BD-B856-43BF-A69D-4EF3BB13D6DF}.AppStore|x86.Build.0 = Release|Any CPU
		{944417BD-B856-43BF-A69D-4EF3BB13D6DF}.AppStore|x86.Deploy.0 = Release|Any CPU
		{944417BD-B856-43BF-A69D-4EF3BB13D6DF}.Debug|Any CPU.ActiveCfg = Debug|Any CPU
		{944417BD-B856-43BF-A69D-4EF3BB13D6DF}.Debug|Any CPU.Build.0 = Debug|Any CPU
		{944417BD-B856-43BF-A69D-4EF3BB13D6DF}.Debug|Any CPU.Deploy.0 = Debug|Any CPU
		{944417BD-B856-43BF-A69D-4EF3BB13D6DF}.Debug|ARM.ActiveCfg = Debug|Any CPU
		{944417BD-B856-43BF-A69D-4EF3BB13D6DF}.Debug|ARM.Build.0 = Debug|Any CPU
		{944417BD-B856-43BF-A69D-4EF3BB13D6DF}.Debug|ARM.Deploy.0 = Debug|Any CPU
		{944417BD-B856-43BF-A69D-4EF3BB13D6DF}.Debug|iPhone.ActiveCfg = Debug|Any CPU
		{944417BD-B856-43BF-A69D-4EF3BB13D6DF}.Debug|iPhone.Build.0 = Debug|Any CPU
		{944417BD-B856-43BF-A69D-4EF3BB13D6DF}.Debug|iPhone.Deploy.0 = Debug|Any CPU
		{944417BD-B856-43BF-A69D-4EF3BB13D6DF}.Debug|iPhoneSimulator.ActiveCfg = Debug|Any CPU
		{944417BD-B856-43BF-A69D-4EF3BB13D6DF}.Debug|iPhoneSimulator.Build.0 = Debug|Any CPU
		{944417BD-B856-43BF-A69D-4EF3BB13D6DF}.Debug|iPhoneSimulator.Deploy.0 = Debug|Any CPU
		{944417BD-B856-43BF-A69D-4EF3BB13D6DF}.Debug|x64.ActiveCfg = Debug|Any CPU
		{944417BD-B856-43BF-A69D-4EF3BB13D6DF}.Debug|x64.Build.0 = Debug|Any CPU
		{944417BD-B856-43BF-A69D-4EF3BB13D6DF}.Debug|x64.Deploy.0 = Debug|Any CPU
		{944417BD-B856-43BF-A69D-4EF3BB13D6DF}.Debug|x86.ActiveCfg = Debug|Any CPU
		{944417BD-B856-43BF-A69D-4EF3BB13D6DF}.Debug|x86.Build.0 = Debug|Any CPU
		{944417BD-B856-43BF-A69D-4EF3BB13D6DF}.Debug|x86.Deploy.0 = Debug|Any CPU
		{944417BD-B856-43BF-A69D-4EF3BB13D6DF}.Release|Any CPU.ActiveCfg = Release|Any CPU
		{944417BD-B856-43BF-A69D-4EF3BB13D6DF}.Release|Any CPU.Build.0 = Release|Any CPU
		{944417BD-B856-43BF-A69D-4EF3BB13D6DF}.Release|Any CPU.Deploy.0 = Release|Any CPU
		{944417BD-B856-43BF-A69D-4EF3BB13D6DF}.Release|ARM.ActiveCfg = Release|Any CPU
		{944417BD-B856-43BF-A69D-4EF3BB13D6DF}.Release|ARM.Build.0 = Release|Any CPU
		{944417BD-B856-43BF-A69D-4EF3BB13D6DF}.Release|ARM.Deploy.0 = Release|Any CPU
		{944417BD-B856-43BF-A69D-4EF3BB13D6DF}.Release|iPhone.ActiveCfg = Release|Any CPU
		{944417BD-B856-43BF-A69D-4EF3BB13D6DF}.Release|iPhone.Build.0 = Release|Any CPU
		{944417BD-B856-43BF-A69D-4EF3BB13D6DF}.Release|iPhone.Deploy.0 = Release|Any CPU
		{944417BD-B856-43BF-A69D-4EF3BB13D6DF}.Release|iPhoneSimulator.ActiveCfg = Release|Any CPU
		{944417BD-B856-43BF-A69D-4EF3BB13D6DF}.Release|iPhoneSimulator.Build.0 = Release|Any CPU
		{944417BD-B856-43BF-A69D-4EF3BB13D6DF}.Release|iPhoneSimulator.Deploy.0 = Release|Any CPU
		{944417BD-B856-43BF-A69D-4EF3BB13D6DF}.Release|x64.ActiveCfg = Release|Any CPU
		{944417BD-B856-43BF-A69D-4EF3BB13D6DF}.Release|x64.Build.0 = Release|Any CPU
		{944417BD-B856-43BF-A69D-4EF3BB13D6DF}.Release|x64.Deploy.0 = Release|Any CPU
		{944417BD-B856-43BF-A69D-4EF3BB13D6DF}.Release|x86.ActiveCfg = Release|Any CPU
		{944417BD-B856-43BF-A69D-4EF3BB13D6DF}.Release|x86.Build.0 = Release|Any CPU
		{944417BD-B856-43BF-A69D-4EF3BB13D6DF}.Release|x86.Deploy.0 = Release|Any CPU
		{C2E17F55-A6DB-4CB7-AB55-A4758E197761}.Ad-Hoc|Any CPU.ActiveCfg = Release|Any CPU
		{C2E17F55-A6DB-4CB7-AB55-A4758E197761}.Ad-Hoc|Any CPU.Build.0 = Release|Any CPU
		{C2E17F55-A6DB-4CB7-AB55-A4758E197761}.Ad-Hoc|ARM.ActiveCfg = Release|Any CPU
		{C2E17F55-A6DB-4CB7-AB55-A4758E197761}.Ad-Hoc|ARM.Build.0 = Release|Any CPU
		{C2E17F55-A6DB-4CB7-AB55-A4758E197761}.Ad-Hoc|iPhone.ActiveCfg = Release|Any CPU
		{C2E17F55-A6DB-4CB7-AB55-A4758E197761}.Ad-Hoc|iPhone.Build.0 = Release|Any CPU
		{C2E17F55-A6DB-4CB7-AB55-A4758E197761}.Ad-Hoc|iPhoneSimulator.ActiveCfg = Release|Any CPU
		{C2E17F55-A6DB-4CB7-AB55-A4758E197761}.Ad-Hoc|iPhoneSimulator.Build.0 = Release|Any CPU
		{C2E17F55-A6DB-4CB7-AB55-A4758E197761}.Ad-Hoc|x64.ActiveCfg = Release|Any CPU
		{C2E17F55-A6DB-4CB7-AB55-A4758E197761}.Ad-Hoc|x64.Build.0 = Release|Any CPU
		{C2E17F55-A6DB-4CB7-AB55-A4758E197761}.Ad-Hoc|x86.ActiveCfg = Release|Any CPU
		{C2E17F55-A6DB-4CB7-AB55-A4758E197761}.Ad-Hoc|x86.Build.0 = Release|Any CPU
		{C2E17F55-A6DB-4CB7-AB55-A4758E197761}.AppStore|Any CPU.ActiveCfg = Release|Any CPU
		{C2E17F55-A6DB-4CB7-AB55-A4758E197761}.AppStore|Any CPU.Build.0 = Release|Any CPU
		{C2E17F55-A6DB-4CB7-AB55-A4758E197761}.AppStore|ARM.ActiveCfg = Release|Any CPU
		{C2E17F55-A6DB-4CB7-AB55-A4758E197761}.AppStore|ARM.Build.0 = Release|Any CPU
		{C2E17F55-A6DB-4CB7-AB55-A4758E197761}.AppStore|iPhone.ActiveCfg = Release|Any CPU
		{C2E17F55-A6DB-4CB7-AB55-A4758E197761}.AppStore|iPhone.Build.0 = Release|Any CPU
		{C2E17F55-A6DB-4CB7-AB55-A4758E197761}.AppStore|iPhoneSimulator.ActiveCfg = Release|Any CPU
		{C2E17F55-A6DB-4CB7-AB55-A4758E197761}.AppStore|iPhoneSimulator.Build.0 = Release|Any CPU
		{C2E17F55-A6DB-4CB7-AB55-A4758E197761}.AppStore|x64.ActiveCfg = Release|Any CPU
		{C2E17F55-A6DB-4CB7-AB55-A4758E197761}.AppStore|x64.Build.0 = Release|Any CPU
		{C2E17F55-A6DB-4CB7-AB55-A4758E197761}.AppStore|x86.ActiveCfg = Release|Any CPU
		{C2E17F55-A6DB-4CB7-AB55-A4758E197761}.AppStore|x86.Build.0 = Release|Any CPU
		{C2E17F55-A6DB-4CB7-AB55-A4758E197761}.Debug|Any CPU.ActiveCfg = Debug|Any CPU
		{C2E17F55-A6DB-4CB7-AB55-A4758E197761}.Debug|Any CPU.Build.0 = Debug|Any CPU
		{C2E17F55-A6DB-4CB7-AB55-A4758E197761}.Debug|ARM.ActiveCfg = Debug|Any CPU
		{C2E17F55-A6DB-4CB7-AB55-A4758E197761}.Debug|ARM.Build.0 = Debug|Any CPU
		{C2E17F55-A6DB-4CB7-AB55-A4758E197761}.Debug|iPhone.ActiveCfg = Debug|Any CPU
		{C2E17F55-A6DB-4CB7-AB55-A4758E197761}.Debug|iPhone.Build.0 = Debug|Any CPU
		{C2E17F55-A6DB-4CB7-AB55-A4758E197761}.Debug|iPhoneSimulator.ActiveCfg = Debug|Any CPU
		{C2E17F55-A6DB-4CB7-AB55-A4758E197761}.Debug|iPhoneSimulator.Build.0 = Debug|Any CPU
		{C2E17F55-A6DB-4CB7-AB55-A4758E197761}.Debug|x64.ActiveCfg = Debug|Any CPU
		{C2E17F55-A6DB-4CB7-AB55-A4758E197761}.Debug|x64.Build.0 = Debug|Any CPU
		{C2E17F55-A6DB-4CB7-AB55-A4758E197761}.Debug|x86.ActiveCfg = Debug|Any CPU
		{C2E17F55-A6DB-4CB7-AB55-A4758E197761}.Debug|x86.Build.0 = Debug|Any CPU
		{C2E17F55-A6DB-4CB7-AB55-A4758E197761}.Release|Any CPU.ActiveCfg = Release|Any CPU
		{C2E17F55-A6DB-4CB7-AB55-A4758E197761}.Release|Any CPU.Build.0 = Release|Any CPU
		{C2E17F55-A6DB-4CB7-AB55-A4758E197761}.Release|ARM.ActiveCfg = Release|Any CPU
		{C2E17F55-A6DB-4CB7-AB55-A4758E197761}.Release|ARM.Build.0 = Release|Any CPU
		{C2E17F55-A6DB-4CB7-AB55-A4758E197761}.Release|iPhone.ActiveCfg = Release|Any CPU
		{C2E17F55-A6DB-4CB7-AB55-A4758E197761}.Release|iPhone.Build.0 = Release|Any CPU
		{C2E17F55-A6DB-4CB7-AB55-A4758E197761}.Release|iPhoneSimulator.ActiveCfg = Release|Any CPU
		{C2E17F55-A6DB-4CB7-AB55-A4758E197761}.Release|iPhoneSimulator.Build.0 = Release|Any CPU
		{C2E17F55-A6DB-4CB7-AB55-A4758E197761}.Release|x64.ActiveCfg = Release|Any CPU
		{C2E17F55-A6DB-4CB7-AB55-A4758E197761}.Release|x64.Build.0 = Release|Any CPU
		{C2E17F55-A6DB-4CB7-AB55-A4758E197761}.Release|x86.ActiveCfg = Release|Any CPU
		{C2E17F55-A6DB-4CB7-AB55-A4758E197761}.Release|x86.Build.0 = Release|Any CPU
		{77D77350-C510-4848-B001-4337960EC652}.Ad-Hoc|Any CPU.ActiveCfg = Release|x86
		{77D77350-C510-4848-B001-4337960EC652}.Ad-Hoc|Any CPU.Build.0 = Release|x86
		{77D77350-C510-4848-B001-4337960EC652}.Ad-Hoc|Any CPU.Deploy.0 = Release|x86
		{77D77350-C510-4848-B001-4337960EC652}.Ad-Hoc|ARM.ActiveCfg = Release|ARM
		{77D77350-C510-4848-B001-4337960EC652}.Ad-Hoc|ARM.Build.0 = Release|ARM
		{77D77350-C510-4848-B001-4337960EC652}.Ad-Hoc|ARM.Deploy.0 = Release|ARM
		{77D77350-C510-4848-B001-4337960EC652}.Ad-Hoc|iPhone.ActiveCfg = Release|x86
		{77D77350-C510-4848-B001-4337960EC652}.Ad-Hoc|iPhone.Build.0 = Release|x86
		{77D77350-C510-4848-B001-4337960EC652}.Ad-Hoc|iPhone.Deploy.0 = Release|x86
		{77D77350-C510-4848-B001-4337960EC652}.Ad-Hoc|iPhoneSimulator.ActiveCfg = Release|x86
		{77D77350-C510-4848-B001-4337960EC652}.Ad-Hoc|iPhoneSimulator.Build.0 = Release|x86
		{77D77350-C510-4848-B001-4337960EC652}.Ad-Hoc|iPhoneSimulator.Deploy.0 = Release|x86
		{77D77350-C510-4848-B001-4337960EC652}.Ad-Hoc|x64.ActiveCfg = Release|x64
		{77D77350-C510-4848-B001-4337960EC652}.Ad-Hoc|x64.Build.0 = Release|x64
		{77D77350-C510-4848-B001-4337960EC652}.Ad-Hoc|x64.Deploy.0 = Release|x64
		{77D77350-C510-4848-B001-4337960EC652}.Ad-Hoc|x86.ActiveCfg = Release|x86
		{77D77350-C510-4848-B001-4337960EC652}.Ad-Hoc|x86.Build.0 = Release|x86
		{77D77350-C510-4848-B001-4337960EC652}.Ad-Hoc|x86.Deploy.0 = Release|x86
		{77D77350-C510-4848-B001-4337960EC652}.AppStore|Any CPU.ActiveCfg = Release|x86
		{77D77350-C510-4848-B001-4337960EC652}.AppStore|Any CPU.Build.0 = Release|x86
		{77D77350-C510-4848-B001-4337960EC652}.AppStore|Any CPU.Deploy.0 = Release|x86
		{77D77350-C510-4848-B001-4337960EC652}.AppStore|ARM.ActiveCfg = Release|ARM
		{77D77350-C510-4848-B001-4337960EC652}.AppStore|ARM.Build.0 = Release|ARM
		{77D77350-C510-4848-B001-4337960EC652}.AppStore|ARM.Deploy.0 = Release|ARM
		{77D77350-C510-4848-B001-4337960EC652}.AppStore|iPhone.ActiveCfg = Release|x86
		{77D77350-C510-4848-B001-4337960EC652}.AppStore|iPhone.Build.0 = Release|x86
		{77D77350-C510-4848-B001-4337960EC652}.AppStore|iPhone.Deploy.0 = Release|x86
		{77D77350-C510-4848-B001-4337960EC652}.AppStore|iPhoneSimulator.ActiveCfg = Release|x86
		{77D77350-C510-4848-B001-4337960EC652}.AppStore|iPhoneSimulator.Build.0 = Release|x86
		{77D77350-C510-4848-B001-4337960EC652}.AppStore|iPhoneSimulator.Deploy.0 = Release|x86
		{77D77350-C510-4848-B001-4337960EC652}.AppStore|x64.ActiveCfg = Release|x64
		{77D77350-C510-4848-B001-4337960EC652}.AppStore|x64.Build.0 = Release|x64
		{77D77350-C510-4848-B001-4337960EC652}.AppStore|x64.Deploy.0 = Release|x64
		{77D77350-C510-4848-B001-4337960EC652}.AppStore|x86.ActiveCfg = Release|x86
		{77D77350-C510-4848-B001-4337960EC652}.AppStore|x86.Build.0 = Release|x86
		{77D77350-C510-4848-B001-4337960EC652}.AppStore|x86.Deploy.0 = Release|x86
		{77D77350-C510-4848-B001-4337960EC652}.Debug|Any CPU.ActiveCfg = Debug|x86
		{77D77350-C510-4848-B001-4337960EC652}.Debug|ARM.ActiveCfg = Debug|ARM
		{77D77350-C510-4848-B001-4337960EC652}.Debug|ARM.Build.0 = Debug|ARM
		{77D77350-C510-4848-B001-4337960EC652}.Debug|ARM.Deploy.0 = Debug|ARM
		{77D77350-C510-4848-B001-4337960EC652}.Debug|iPhone.ActiveCfg = Debug|x86
		{77D77350-C510-4848-B001-4337960EC652}.Debug|iPhoneSimulator.ActiveCfg = Debug|x86
		{77D77350-C510-4848-B001-4337960EC652}.Debug|x64.ActiveCfg = Debug|x64
		{77D77350-C510-4848-B001-4337960EC652}.Debug|x64.Build.0 = Debug|x64
		{77D77350-C510-4848-B001-4337960EC652}.Debug|x64.Deploy.0 = Debug|x64
		{77D77350-C510-4848-B001-4337960EC652}.Debug|x86.ActiveCfg = Debug|x86
		{77D77350-C510-4848-B001-4337960EC652}.Debug|x86.Build.0 = Debug|x86
		{77D77350-C510-4848-B001-4337960EC652}.Debug|x86.Deploy.0 = Debug|x86
		{77D77350-C510-4848-B001-4337960EC652}.Release|Any CPU.ActiveCfg = Release|x86
		{77D77350-C510-4848-B001-4337960EC652}.Release|ARM.ActiveCfg = Release|ARM
		{77D77350-C510-4848-B001-4337960EC652}.Release|ARM.Build.0 = Release|ARM
		{77D77350-C510-4848-B001-4337960EC652}.Release|ARM.Deploy.0 = Release|ARM
		{77D77350-C510-4848-B001-4337960EC652}.Release|iPhone.ActiveCfg = Release|x86
		{77D77350-C510-4848-B001-4337960EC652}.Release|iPhoneSimulator.ActiveCfg = Release|x86
		{77D77350-C510-4848-B001-4337960EC652}.Release|x64.ActiveCfg = Release|x64
		{77D77350-C510-4848-B001-4337960EC652}.Release|x64.Build.0 = Release|x64
		{77D77350-C510-4848-B001-4337960EC652}.Release|x64.Deploy.0 = Release|x64
		{77D77350-C510-4848-B001-4337960EC652}.Release|x86.ActiveCfg = Release|x86
		{77D77350-C510-4848-B001-4337960EC652}.Release|x86.Build.0 = Release|x86
		{77D77350-C510-4848-B001-4337960EC652}.Release|x86.Deploy.0 = Release|x86
		{0895A5DC-4B61-433B-BE63-8910900A59A2}.Ad-Hoc|Any CPU.ActiveCfg = Ad-Hoc|iPhoneSimulator
		{0895A5DC-4B61-433B-BE63-8910900A59A2}.Ad-Hoc|ARM.ActiveCfg = Ad-Hoc|iPhone
		{0895A5DC-4B61-433B-BE63-8910900A59A2}.Ad-Hoc|iPhone.ActiveCfg = Ad-Hoc|iPhone
		{0895A5DC-4B61-433B-BE63-8910900A59A2}.Ad-Hoc|iPhone.Build.0 = Ad-Hoc|iPhone
		{0895A5DC-4B61-433B-BE63-8910900A59A2}.Ad-Hoc|iPhoneSimulator.ActiveCfg = Ad-Hoc|iPhoneSimulator
		{0895A5DC-4B61-433B-BE63-8910900A59A2}.Ad-Hoc|iPhoneSimulator.Build.0 = Ad-Hoc|iPhoneSimulator
		{0895A5DC-4B61-433B-BE63-8910900A59A2}.Ad-Hoc|x64.ActiveCfg = Ad-Hoc|iPhone
		{0895A5DC-4B61-433B-BE63-8910900A59A2}.Ad-Hoc|x86.ActiveCfg = Ad-Hoc|iPhone
		{0895A5DC-4B61-433B-BE63-8910900A59A2}.AppStore|Any CPU.ActiveCfg = AppStore|iPhoneSimulator
		{0895A5DC-4B61-433B-BE63-8910900A59A2}.AppStore|ARM.ActiveCfg = AppStore|iPhone
		{0895A5DC-4B61-433B-BE63-8910900A59A2}.AppStore|iPhone.ActiveCfg = AppStore|iPhone
		{0895A5DC-4B61-433B-BE63-8910900A59A2}.AppStore|iPhone.Build.0 = AppStore|iPhone
		{0895A5DC-4B61-433B-BE63-8910900A59A2}.AppStore|iPhoneSimulator.ActiveCfg = AppStore|iPhoneSimulator
		{0895A5DC-4B61-433B-BE63-8910900A59A2}.AppStore|iPhoneSimulator.Build.0 = AppStore|iPhoneSimulator
		{0895A5DC-4B61-433B-BE63-8910900A59A2}.AppStore|x64.ActiveCfg = AppStore|iPhone
		{0895A5DC-4B61-433B-BE63-8910900A59A2}.AppStore|x86.ActiveCfg = AppStore|iPhone
		{0895A5DC-4B61-433B-BE63-8910900A59A2}.Debug|Any CPU.ActiveCfg = Debug|iPhoneSimulator
		{0895A5DC-4B61-433B-BE63-8910900A59A2}.Debug|ARM.ActiveCfg = Debug|iPhone
		{0895A5DC-4B61-433B-BE63-8910900A59A2}.Debug|iPhone.ActiveCfg = Debug|iPhone
		{0895A5DC-4B61-433B-BE63-8910900A59A2}.Debug|iPhone.Build.0 = Debug|iPhone
		{0895A5DC-4B61-433B-BE63-8910900A59A2}.Debug|iPhoneSimulator.ActiveCfg = Debug|iPhoneSimulator
		{0895A5DC-4B61-433B-BE63-8910900A59A2}.Debug|iPhoneSimulator.Build.0 = Debug|iPhoneSimulator
		{0895A5DC-4B61-433B-BE63-8910900A59A2}.Debug|x64.ActiveCfg = Debug|iPhone
		{0895A5DC-4B61-433B-BE63-8910900A59A2}.Debug|x86.ActiveCfg = Debug|iPhone
		{0895A5DC-4B61-433B-BE63-8910900A59A2}.Release|Any CPU.ActiveCfg = Release|iPhoneSimulator
		{0895A5DC-4B61-433B-BE63-8910900A59A2}.Release|ARM.ActiveCfg = Release|iPhone
		{0895A5DC-4B61-433B-BE63-8910900A59A2}.Release|iPhone.ActiveCfg = Release|iPhone
		{0895A5DC-4B61-433B-BE63-8910900A59A2}.Release|iPhone.Build.0 = Release|iPhone
		{0895A5DC-4B61-433B-BE63-8910900A59A2}.Release|iPhoneSimulator.ActiveCfg = Release|iPhoneSimulator
		{0895A5DC-4B61-433B-BE63-8910900A59A2}.Release|iPhoneSimulator.Build.0 = Release|iPhoneSimulator
		{0895A5DC-4B61-433B-BE63-8910900A59A2}.Release|x64.ActiveCfg = Release|iPhone
		{0895A5DC-4B61-433B-BE63-8910900A59A2}.Release|x86.ActiveCfg = Release|iPhone
	EndGlobalSection
	GlobalSection(SolutionProperties) = preSolution
		HideSolutionNode = FALSE
	EndGlobalSection
	GlobalSection(ExtensibilityGlobals) = postSolution
		SolutionGuid = {F7DB06F4-C113-40BC-8B0D-BB22AEC0C60F}
	EndGlobalSection
EndGlobal
